// !$*UTF8*$!
{
	archiveVersion = 1;
	classes = {
	};
	objectVersion = 56;
	objects = {

/* Begin PBXBuildFile section */
		D5BE12BB296476B800F56AA1 /* CurrencyConverterTests.swift in Sources */ = {isa = PBXBuildFile; fileRef = D5BE12BA296476B800F56AA1 /* CurrencyConverterTests.swift */; };
		D5BE12C62964775700F56AA1 /* CurrencyRateConverterViewPresenterTest.swift in Sources */ = {isa = PBXBuildFile; fileRef = D5BE12C52964775700F56AA1 /* CurrencyRateConverterViewPresenterTest.swift */; };
		D5BE12C8296499FA00F56AA1 /* LocalStorageTests.swift in Sources */ = {isa = PBXBuildFile; fileRef = D5BE12C7296499FA00F56AA1 /* LocalStorageTests.swift */; };
		D5BE12CA2964A25200F56AA1 /* CurrencyConverterInteractorTest.swift in Sources */ = {isa = PBXBuildFile; fileRef = D5BE12C92964A25200F56AA1 /* CurrencyConverterInteractorTest.swift */; };
		D5C8132E295CD2F500B62351 /* CurrencyConverterInteractor.swift in Sources */ = {isa = PBXBuildFile; fileRef = D5C8132D295CD2F500B62351 /* CurrencyConverterInteractor.swift */; };
		D5C81330295CD52D00B62351 /* ModelsAndProtocols.swift in Sources */ = {isa = PBXBuildFile; fileRef = D5C8132F295CD52D00B62351 /* ModelsAndProtocols.swift */; };
		D5C81332295CD5BD00B62351 /* ApiError.swift in Sources */ = {isa = PBXBuildFile; fileRef = D5C81331295CD5BD00B62351 /* ApiError.swift */; };
		D5C81334295CDAD000B62351 /* CurrencyRateConverterViewPresenter.swift in Sources */ = {isa = PBXBuildFile; fileRef = D5C81333295CDAD000B62351 /* CurrencyRateConverterViewPresenter.swift */; };
		D5C81336295CE20600B62351 /* LocalStorage.swift in Sources */ = {isa = PBXBuildFile; fileRef = D5C81335295CE20600B62351 /* LocalStorage.swift */; };
		D5C81339295CF0D600B62351 /* DataModel.xcdatamodeld in Sources */ = {isa = PBXBuildFile; fileRef = D5C81337295CF0D600B62351 /* DataModel.xcdatamodeld */; };
		D5C81369295DEBD400B62351 /* CoreDataManager.swift in Sources */ = {isa = PBXBuildFile; fileRef = D5C81368295DEBD400B62351 /* CoreDataManager.swift */; };
		D5C8136E295E30AE00B62351 /* CurrencyRateCoreDataModel+CoreDataClass.swift in Sources */ = {isa = PBXBuildFile; fileRef = D5C8136A295E30AE00B62351 /* CurrencyRateCoreDataModel+CoreDataClass.swift */; };
		D5C8136F295E30AE00B62351 /* CurrencyRateCoreDataModel+CoreDataProperties.swift in Sources */ = {isa = PBXBuildFile; fileRef = D5C8136B295E30AE00B62351 /* CurrencyRateCoreDataModel+CoreDataProperties.swift */; };
		D5C81370295E30AE00B62351 /* CurrencyCoreDataModel+CoreDataClass.swift in Sources */ = {isa = PBXBuildFile; fileRef = D5C8136C295E30AE00B62351 /* CurrencyCoreDataModel+CoreDataClass.swift */; };
		D5C81371295E30AE00B62351 /* CurrencyCoreDataModel+CoreDataProperties.swift in Sources */ = {isa = PBXBuildFile; fileRef = D5C8136D295E30AE00B62351 /* CurrencyCoreDataModel+CoreDataProperties.swift */; };
		D5EF9427295CD1020080CB24 /* CurrencyConverterApp.swift in Sources */ = {isa = PBXBuildFile; fileRef = D5EF9426295CD1020080CB24 /* CurrencyConverterApp.swift */; };
		D5EF9429295CD1020080CB24 /* ContentView.swift in Sources */ = {isa = PBXBuildFile; fileRef = D5EF9428295CD1020080CB24 /* ContentView.swift */; };
		D5EF942B295CD1040080CB24 /* Assets.xcassets in Resources */ = {isa = PBXBuildFile; fileRef = D5EF942A295CD1040080CB24 /* Assets.xcassets */; };
		D5EF942E295CD1040080CB24 /* Preview Assets.xcassets in Resources */ = {isa = PBXBuildFile; fileRef = D5EF942D295CD1040080CB24 /* Preview Assets.xcassets */; };
/* End PBXBuildFile section */

/* Begin PBXContainerItemProxy section */
		D5BE12BC296476B800F56AA1 /* PBXContainerItemProxy */ = {
			isa = PBXContainerItemProxy;
			containerPortal = D5EF941B295CD1020080CB24 /* Project object */;
			proxyType = 1;
			remoteGlobalIDString = D5EF9422295CD1020080CB24;
			remoteInfo = CurrencyConverter;
		};
/* End PBXContainerItemProxy section */

/* Begin PBXFileReference section */
		D5BE12B8296476B800F56AA1 /* CurrencyConverterTests.xctest */ = {isa = PBXFileReference; explicitFileType = wrapper.cfbundle; includeInIndex = 0; path = CurrencyConverterTests.xctest; sourceTree = BUILT_PRODUCTS_DIR; };
		D5BE12BA296476B800F56AA1 /* CurrencyConverterTests.swift */ = {isa = PBXFileReference; lastKnownFileType = sourcecode.swift; path = CurrencyConverterTests.swift; sourceTree = "<group>"; };
		D5BE12C52964775700F56AA1 /* CurrencyRateConverterViewPresenterTest.swift */ = {isa = PBXFileReference; lastKnownFileType = sourcecode.swift; path = CurrencyRateConverterViewPresenterTest.swift; sourceTree = "<group>"; };
		D5BE12C7296499FA00F56AA1 /* LocalStorageTests.swift */ = {isa = PBXFileReference; lastKnownFileType = sourcecode.swift; path = LocalStorageTests.swift; sourceTree = "<group>"; };
		D5BE12C92964A25200F56AA1 /* CurrencyConverterInteractorTest.swift */ = {isa = PBXFileReference; lastKnownFileType = sourcecode.swift; path = CurrencyConverterInteractorTest.swift; sourceTree = "<group>"; };
		D5C8132D295CD2F500B62351 /* CurrencyConverterInteractor.swift */ = {isa = PBXFileReference; lastKnownFileType = sourcecode.swift; path = CurrencyConverterInteractor.swift; sourceTree = "<group>"; };
		D5C8132F295CD52D00B62351 /* ModelsAndProtocols.swift */ = {isa = PBXFileReference; lastKnownFileType = sourcecode.swift; path = ModelsAndProtocols.swift; sourceTree = "<group>"; };
		D5C81331295CD5BD00B62351 /* ApiError.swift */ = {isa = PBXFileReference; lastKnownFileType = sourcecode.swift; path = ApiError.swift; sourceTree = "<group>"; };
		D5C81333295CDAD000B62351 /* CurrencyRateConverterViewPresenter.swift */ = {isa = PBXFileReference; lastKnownFileType = sourcecode.swift; path = CurrencyRateConverterViewPresenter.swift; sourceTree = "<group>"; };
		D5C81335295CE20600B62351 /* LocalStorage.swift */ = {isa = PBXFileReference; lastKnownFileType = sourcecode.swift; path = LocalStorage.swift; sourceTree = "<group>"; };
		D5C81338295CF0D600B62351 /* DataModel.xcdatamodel */ = {isa = PBXFileReference; lastKnownFileType = wrapper.xcdatamodel; path = DataModel.xcdatamodel; sourceTree = "<group>"; };
		D5C81368295DEBD400B62351 /* CoreDataManager.swift */ = {isa = PBXFileReference; lastKnownFileType = sourcecode.swift; path = CoreDataManager.swift; sourceTree = "<group>"; };
		D5C8136A295E30AE00B62351 /* CurrencyRateCoreDataModel+CoreDataClass.swift */ = {isa = PBXFileReference; lastKnownFileType = sourcecode.swift; path = "CurrencyRateCoreDataModel+CoreDataClass.swift"; sourceTree = "<group>"; };
		D5C8136B295E30AE00B62351 /* CurrencyRateCoreDataModel+CoreDataProperties.swift */ = {isa = PBXFileReference; lastKnownFileType = sourcecode.swift; path = "CurrencyRateCoreDataModel+CoreDataProperties.swift"; sourceTree = "<group>"; };
		D5C8136C295E30AE00B62351 /* CurrencyCoreDataModel+CoreDataClass.swift */ = {isa = PBXFileReference; lastKnownFileType = sourcecode.swift; path = "CurrencyCoreDataModel+CoreDataClass.swift"; sourceTree = "<group>"; };
		D5C8136D295E30AE00B62351 /* CurrencyCoreDataModel+CoreDataProperties.swift */ = {isa = PBXFileReference; lastKnownFileType = sourcecode.swift; path = "CurrencyCoreDataModel+CoreDataProperties.swift"; sourceTree = "<group>"; };
		D5EF9423295CD1020080CB24 /* CurrencyConverter.app */ = {isa = PBXFileReference; explicitFileType = wrapper.application; includeInIndex = 0; path = CurrencyConverter.app; sourceTree = BUILT_PRODUCTS_DIR; };
		D5EF9426295CD1020080CB24 /* CurrencyConverterApp.swift */ = {isa = PBXFileReference; lastKnownFileType = sourcecode.swift; path = CurrencyConverterApp.swift; sourceTree = "<group>"; };
		D5EF9428295CD1020080CB24 /* ContentView.swift */ = {isa = PBXFileReference; lastKnownFileType = sourcecode.swift; path = ContentView.swift; sourceTree = "<group>"; };
		D5EF942A295CD1040080CB24 /* Assets.xcassets */ = {isa = PBXFileReference; lastKnownFileType = folder.assetcatalog; path = Assets.xcassets; sourceTree = "<group>"; };
		D5EF942D295CD1040080CB24 /* Preview Assets.xcassets */ = {isa = PBXFileReference; lastKnownFileType = folder.assetcatalog; path = "Preview Assets.xcassets"; sourceTree = "<group>"; };
/* End PBXFileReference section */

/* Begin PBXFrameworksBuildPhase section */
		D5BE12B5296476B800F56AA1 /* Frameworks */ = {
			isa = PBXFrameworksBuildPhase;
			buildActionMask = 2147483647;
			files = (
			);
			runOnlyForDeploymentPostprocessing = 0;
		};
		D5EF9420295CD1020080CB24 /* Frameworks */ = {
			isa = PBXFrameworksBuildPhase;
			buildActionMask = 2147483647;
			files = (
			);
			runOnlyForDeploymentPostprocessing = 0;
		};
/* End PBXFrameworksBuildPhase section */

/* Begin PBXGroup section */
		D5BE12B9296476B800F56AA1 /* CurrencyConverterTests */ = {
			isa = PBXGroup;
			children = (
				D5BE12BA296476B800F56AA1 /* CurrencyConverterTests.swift */,
				D5BE12C52964775700F56AA1 /* CurrencyRateConverterViewPresenterTest.swift */,
				D5BE12C7296499FA00F56AA1 /* LocalStorageTests.swift */,
				D5BE12C92964A25200F56AA1 /* CurrencyConverterInteractorTest.swift */,
			);
			path = CurrencyConverterTests;
			sourceTree = "<group>";
		};
		D5C81362295DEAF100B62351 /* CoreData */ = {
			isa = PBXGroup;
			children = (
				D5C8136A295E30AE00B62351 /* CurrencyRateCoreDataModel+CoreDataClass.swift */,
				D5C8136B295E30AE00B62351 /* CurrencyRateCoreDataModel+CoreDataProperties.swift */,
				D5C8136C295E30AE00B62351 /* CurrencyCoreDataModel+CoreDataClass.swift */,
				D5C8136D295E30AE00B62351 /* CurrencyCoreDataModel+CoreDataProperties.swift */,
				D5C81368295DEBD400B62351 /* CoreDataManager.swift */,
			);
			path = CoreData;
			sourceTree = "<group>";
		};
		D5C81363295DEB0E00B62351 /* UI */ = {
			isa = PBXGroup;
			children = (
				D5EF9428295CD1020080CB24 /* ContentView.swift */,
			);
			path = UI;
			sourceTree = "<group>";
		};
		D5C81364295DEB1E00B62351 /* Presenter */ = {
			isa = PBXGroup;
			children = (
				D5C81333295CDAD000B62351 /* CurrencyRateConverterViewPresenter.swift */,
			);
			path = Presenter;
			sourceTree = "<group>";
		};
		D5C81365295DEB2600B62351 /* Interactor */ = {
			isa = PBXGroup;
			children = (
				D5C8132D295CD2F500B62351 /* CurrencyConverterInteractor.swift */,
			);
			path = Interactor;
			sourceTree = "<group>";
		};
		D5C81366295DEB3900B62351 /* Storage */ = {
			isa = PBXGroup;
			children = (
				D5C81335295CE20600B62351 /* LocalStorage.swift */,
			);
			path = Storage;
			sourceTree = "<group>";
		};
		D5C81367295DEB7800B62351 /* API */ = {
			isa = PBXGroup;
			children = (
				D5C81331295CD5BD00B62351 /* ApiError.swift */,
			);
			path = API;
			sourceTree = "<group>";
		};
		D5EF941A295CD1020080CB24 = {
			isa = PBXGroup;
			children = (
				D5EF9426295CD1020080CB24 /* CurrencyConverterApp.swift */,
				D5EF9425295CD1020080CB24 /* CurrencyConverter */,
				D5BE12B9296476B800F56AA1 /* CurrencyConverterTests */,
				D5EF9424295CD1020080CB24 /* Products */,
			);
			sourceTree = "<group>";
		};
		D5EF9424295CD1020080CB24 /* Products */ = {
			isa = PBXGroup;
			children = (
				D5EF9423295CD1020080CB24 /* CurrencyConverter.app */,
				D5BE12B8296476B800F56AA1 /* CurrencyConverterTests.xctest */,
			);
			name = Products;
			sourceTree = "<group>";
		};
		D5EF9425295CD1020080CB24 /* CurrencyConverter */ = {
			isa = PBXGroup;
			children = (
				D5C8132F295CD52D00B62351 /* ModelsAndProtocols.swift */,
				D5C81363295DEB0E00B62351 /* UI */,
				D5C81364295DEB1E00B62351 /* Presenter */,
				D5C81365295DEB2600B62351 /* Interactor */,
				D5C81367295DEB7800B62351 /* API */,
				D5C81366295DEB3900B62351 /* Storage */,
				D5C81362295DEAF100B62351 /* CoreData */,
				D5EF942A295CD1040080CB24 /* Assets.xcassets */,
				D5EF942C295CD1040080CB24 /* Preview Content */,
				D5C81337295CF0D600B62351 /* DataModel.xcdatamodeld */,
			);
			path = CurrencyConverter;
			sourceTree = "<group>";
		};
		D5EF942C295CD1040080CB24 /* Preview Content */ = {
			isa = PBXGroup;
			children = (
				D5EF942D295CD1040080CB24 /* Preview Assets.xcassets */,
			);
			path = "Preview Content";
			sourceTree = "<group>";
		};
/* End PBXGroup section */

/* Begin PBXNativeTarget section */
		D5BE12B7296476B800F56AA1 /* CurrencyConverterTests */ = {
			isa = PBXNativeTarget;
			buildConfigurationList = D5BE12C0296476B800F56AA1 /* Build configuration list for PBXNativeTarget "CurrencyConverterTests" */;
			buildPhases = (
				D5BE12B4296476B800F56AA1 /* Sources */,
				D5BE12B5296476B800F56AA1 /* Frameworks */,
				D5BE12B6296476B800F56AA1 /* Resources */,
			);
			buildRules = (
			);
			dependencies = (
				D5BE12BD296476B800F56AA1 /* PBXTargetDependency */,
			);
			name = CurrencyConverterTests;
			productName = CurrencyConverterTests;
			productReference = D5BE12B8296476B800F56AA1 /* CurrencyConverterTests.xctest */;
			productType = "com.apple.product-type.bundle.unit-test";
		};
		D5EF9422295CD1020080CB24 /* CurrencyConverter */ = {
			isa = PBXNativeTarget;
			buildConfigurationList = D5EF9431295CD1040080CB24 /* Build configuration list for PBXNativeTarget "CurrencyConverter" */;
			buildPhases = (
				D5EF941F295CD1020080CB24 /* Sources */,
				D5EF9420295CD1020080CB24 /* Frameworks */,
				D5EF9421295CD1020080CB24 /* Resources */,
			);
			buildRules = (
			);
			dependencies = (
			);
			name = CurrencyConverter;
			productName = CurrencyConverter;
			productReference = D5EF9423295CD1020080CB24 /* CurrencyConverter.app */;
			productType = "com.apple.product-type.application";
		};
/* End PBXNativeTarget section */

/* Begin PBXProject section */
		D5EF941B295CD1020080CB24 /* Project object */ = {
			isa = PBXProject;
			attributes = {
				BuildIndependentTargetsInParallel = 1;
				LastSwiftUpdateCheck = 1410;
				LastUpgradeCheck = 1410;
				TargetAttributes = {
					D5BE12B7296476B800F56AA1 = {
						CreatedOnToolsVersion = 14.1;
						TestTargetID = D5EF9422295CD1020080CB24;
					};
					D5EF9422295CD1020080CB24 = {
						CreatedOnToolsVersion = 14.1;
					};
				};
			};
			buildConfigurationList = D5EF941E295CD1020080CB24 /* Build configuration list for PBXProject "CurrencyConverter" */;
			compatibilityVersion = "Xcode 14.0";
			developmentRegion = en;
			hasScannedForEncodings = 0;
			knownRegions = (
				en,
				Base,
			);
			mainGroup = D5EF941A295CD1020080CB24;
			productRefGroup = D5EF9424295CD1020080CB24 /* Products */;
			projectDirPath = "";
			projectRoot = "";
			targets = (
				D5EF9422295CD1020080CB24 /* CurrencyConverter */,
				D5BE12B7296476B800F56AA1 /* CurrencyConverterTests */,
			);
		};
/* End PBXProject section */

/* Begin PBXResourcesBuildPhase section */
		D5BE12B6296476B800F56AA1 /* Resources */ = {
			isa = PBXResourcesBuildPhase;
			buildActionMask = 2147483647;
			files = (
			);
			runOnlyForDeploymentPostprocessing = 0;
		};
		D5EF9421295CD1020080CB24 /* Resources */ = {
			isa = PBXResourcesBuildPhase;
			buildActionMask = 2147483647;
			files = (
				D5EF942E295CD1040080CB24 /* Preview Assets.xcassets in Resources */,
				D5EF942B295CD1040080CB24 /* Assets.xcassets in Resources */,
			);
			runOnlyForDeploymentPostprocessing = 0;
		};
/* End PBXResourcesBuildPhase section */

/* Begin PBXSourcesBuildPhase section */
		D5BE12B4296476B800F56AA1 /* Sources */ = {
			isa = PBXSourcesBuildPhase;
			buildActionMask = 2147483647;
			files = (
				D5BE12BB296476B800F56AA1 /* CurrencyConverterTests.swift in Sources */,
				D5BE12C62964775700F56AA1 /* CurrencyRateConverterViewPresenterTest.swift in Sources */,
				D5BE12CA2964A25200F56AA1 /* CurrencyConverterInteractorTest.swift in Sources */,
				D5BE12C8296499FA00F56AA1 /* LocalStorageTests.swift in Sources */,
			);
			runOnlyForDeploymentPostprocessing = 0;
		};
		D5EF941F295CD1020080CB24 /* Sources */ = {
			isa = PBXSourcesBuildPhase;
			buildActionMask = 2147483647;
			files = (
				D5C81371295E30AE00B62351 /* CurrencyCoreDataModel+CoreDataProperties.swift in Sources */,
				D5C8132E295CD2F500B62351 /* CurrencyConverterInteractor.swift in Sources */,
				D5C81339295CF0D600B62351 /* DataModel.xcdatamodeld in Sources */,
				D5EF9429295CD1020080CB24 /* ContentView.swift in Sources */,
				D5C8136E295E30AE00B62351 /* CurrencyRateCoreDataModel+CoreDataClass.swift in Sources */,
				D5EF9427295CD1020080CB24 /* CurrencyConverterApp.swift in Sources */,
				D5C81370295E30AE00B62351 /* CurrencyCoreDataModel+CoreDataClass.swift in Sources */,
				D5C8136F295E30AE00B62351 /* CurrencyRateCoreDataModel+CoreDataProperties.swift in Sources */,
				D5C81332295CD5BD00B62351 /* ApiError.swift in Sources */,
				D5C81369295DEBD400B62351 /* CoreDataManager.swift in Sources */,
				D5C81330295CD52D00B62351 /* ModelsAndProtocols.swift in Sources */,
				D5C81336295CE20600B62351 /* LocalStorage.swift in Sources */,
				D5C81334295CDAD000B62351 /* CurrencyRateConverterViewPresenter.swift in Sources */,
			);
			runOnlyForDeploymentPostprocessing = 0;
		};
/* End PBXSourcesBuildPhase section */

/* Begin PBXTargetDependency section */
		D5BE12BD296476B800F56AA1 /* PBXTargetDependency */ = {
			isa = PBXTargetDependency;
			target = D5EF9422295CD1020080CB24 /* CurrencyConverter */;
			targetProxy = D5BE12BC296476B800F56AA1 /* PBXContainerItemProxy */;
		};
/* End PBXTargetDependency section */

/* Begin XCBuildConfiguration section */
		D5BE12BE296476B800F56AA1 /* Debug */ = {
			isa = XCBuildConfiguration;
			buildSettings = {
				BUNDLE_LOADER = "$(TEST_HOST)";
				CODE_SIGN_STYLE = Automatic;
				CURRENT_PROJECT_VERSION = 1;
				GENERATE_INFOPLIST_FILE = YES;
				MARKETING_VERSION = 1.0;
				PRODUCT_BUNDLE_IDENTIFIER = com.raywenderlich.CurrencyConverterTests;
				PRODUCT_NAME = "$(TARGET_NAME)";
				SWIFT_EMIT_LOC_STRINGS = NO;
				SWIFT_VERSION = 5.0;
				TARGETED_DEVICE_FAMILY = "1,2";
				TEST_HOST = "$(BUILT_PRODUCTS_DIR)/CurrencyConverter.app/$(BUNDLE_EXECUTABLE_FOLDER_PATH)/CurrencyConverter";
			};
			name = Debug;
		};
		D5BE12BF296476B800F56AA1 /* Release */ = {
			isa = XCBuildConfiguration;
			buildSettings = {
				BUNDLE_LOADER = "$(TEST_HOST)";
				CODE_SIGN_STYLE = Automatic;
				CURRENT_PROJECT_VERSION = 1;
				GENERATE_INFOPLIST_FILE = YES;
				MARKETING_VERSION = 1.0;
				PRODUCT_BUNDLE_IDENTIFIER = com.raywenderlich.CurrencyConverterTests;
				PRODUCT_NAME = "$(TARGET_NAME)";
				SWIFT_EMIT_LOC_STRINGS = NO;
				SWIFT_VERSION = 5.0;
				TARGETED_DEVICE_FAMILY = "1,2";
				TEST_HOST = "$(BUILT_PRODUCTS_DIR)/CurrencyConverter.app/$(BUNDLE_EXECUTABLE_FOLDER_PATH)/CurrencyConverter";
			};
			name = Release;
		};
		D5EF942F295CD1040080CB24 /* Debug */ = {
			isa = XCBuildConfiguration;
			buildSettings = {
				ALWAYS_SEARCH_USER_PATHS = NO;
				CLANG_ANALYZER_NONNULL = YES;
				CLANG_ANALYZER_NUMBER_OBJECT_CONVERSION = YES_AGGRESSIVE;
				CLANG_CXX_LANGUAGE_STANDARD = "gnu++20";
				CLANG_ENABLE_MODULES = YES;
				CLANG_ENABLE_OBJC_ARC = YES;
				CLANG_ENABLE_OBJC_WEAK = YES;
				CLANG_WARN_BLOCK_CAPTURE_AUTORELEASING = YES;
				CLANG_WARN_BOOL_CONVERSION = YES;
				CLANG_WARN_COMMA = YES;
				CLANG_WARN_CONSTANT_CONVERSION = YES;
				CLANG_WARN_DEPRECATED_OBJC_IMPLEMENTATIONS = YES;
				CLANG_WARN_DIRECT_OBJC_ISA_USAGE = YES_ERROR;
				CLANG_WARN_DOCUMENTATION_COMMENTS = YES;
				CLANG_WARN_EMPTY_BODY = YES;
				CLANG_WARN_ENUM_CONVERSION = YES;
				CLANG_WARN_INFINITE_RECURSION = YES;
				CLANG_WARN_INT_CONVERSION = YES;
				CLANG_WARN_NON_LITERAL_NULL_CONVERSION = YES;
				CLANG_WARN_OBJC_IMPLICIT_RETAIN_SELF = YES;
				CLANG_WARN_OBJC_LITERAL_CONVERSION = YES;
				CLANG_WARN_OBJC_ROOT_CLASS = YES_ERROR;
				CLANG_WARN_QUOTED_INCLUDE_IN_FRAMEWORK_HEADER = YES;
				CLANG_WARN_RANGE_LOOP_ANALYSIS = YES;
				CLANG_WARN_STRICT_PROTOTYPES = YES;
				CLANG_WARN_SUSPICIOUS_MOVE = YES;
				CLANG_WARN_UNGUARDED_AVAILABILITY = YES_AGGRESSIVE;
				CLANG_WARN_UNREACHABLE_CODE = YES;
				CLANG_WARN__DUPLICATE_METHOD_MATCH = YES;
				COPY_PHASE_STRIP = NO;
				DEBUG_INFORMATION_FORMAT = dwarf;
				ENABLE_STRICT_OBJC_MSGSEND = YES;
				ENABLE_TESTABILITY = YES;
				GCC_C_LANGUAGE_STANDARD = gnu11;
				GCC_DYNAMIC_NO_PIC = NO;
				GCC_NO_COMMON_BLOCKS = YES;
				GCC_OPTIMIZATION_LEVEL = 0;
				GCC_PREPROCESSOR_DEFINITIONS = (
					"DEBUG=1",
					"$(inherited)",
				);
				GCC_WARN_64_TO_32_BIT_CONVERSION = YES;
				GCC_WARN_ABOUT_RETURN_TYPE = YES_ERROR;
				GCC_WARN_UNDECLARED_SELECTOR = YES;
				GCC_WARN_UNINITIALIZED_AUTOS = YES_AGGRESSIVE;
				GCC_WARN_UNUSED_FUNCTION = YES;
				GCC_WARN_UNUSED_VARIABLE = YES;
				IPHONEOS_DEPLOYMENT_TARGET = 16.1;
				MTL_ENABLE_DEBUG_INFO = INCLUDE_SOURCE;
				MTL_FAST_MATH = YES;
				ONLY_ACTIVE_ARCH = YES;
				SDKROOT = iphoneos;
				SWIFT_ACTIVE_COMPILATION_CONDITIONS = DEBUG;
				SWIFT_OPTIMIZATION_LEVEL = "-Onone";
			};
			name = Debug;
		};
		D5EF9430295CD1040080CB24 /* Release */ = {
			isa = XCBuildConfiguration;
			buildSettings = {
				ALWAYS_SEARCH_USER_PATHS = NO;
				CLANG_ANALYZER_NONNULL = YES;
				CLANG_ANALYZER_NUMBER_OBJECT_CONVERSION = YES_AGGRESSIVE;
				CLANG_CXX_LANGUAGE_STANDARD = "gnu++20";
				CLANG_ENABLE_MODULES = YES;
				CLANG_ENABLE_OBJC_ARC = YES;
				CLANG_ENABLE_OBJC_WEAK = YES;
				CLANG_WARN_BLOCK_CAPTURE_AUTORELEASING = YES;
				CLANG_WARN_BOOL_CONVERSION = YES;
				CLANG_WARN_COMMA = YES;
				CLANG_WARN_CONSTANT_CONVERSION = YES;
				CLANG_WARN_DEPRECATED_OBJC_IMPLEMENTATIONS = YES;
				CLANG_WARN_DIRECT_OBJC_ISA_USAGE = YES_ERROR;
				CLANG_WARN_DOCUMENTATION_COMMENTS = YES;
				CLANG_WARN_EMPTY_BODY = YES;
				CLANG_WARN_ENUM_CONVERSION = YES;
				CLANG_WARN_INFINITE_RECURSION = YES;
				CLANG_WARN_INT_CONVERSION = YES;
				CLANG_WARN_NON_LITERAL_NULL_CONVERSION = YES;
				CLANG_WARN_OBJC_IMPLICIT_RETAIN_SELF = YES;
				CLANG_WARN_OBJC_LITERAL_CONVERSION = YES;
				CLANG_WARN_OBJC_ROOT_CLASS = YES_ERROR;
				CLANG_WARN_QUOTED_INCLUDE_IN_FRAMEWORK_HEADER = YES;
				CLANG_WARN_RANGE_LOOP_ANALYSIS = YES;
				CLANG_WARN_STRICT_PROTOTYPES = YES;
				CLANG_WARN_SUSPICIOUS_MOVE = YES;
				CLANG_WARN_UNGUARDED_AVAILABILITY = YES_AGGRESSIVE;
				CLANG_WARN_UNREACHABLE_CODE = YES;
				CLANG_WARN__DUPLICATE_METHOD_MATCH = YES;
				COPY_PHASE_STRIP = NO;
				DEBUG_INFORMATION_FORMAT = "dwarf-with-dsym";
				ENABLE_NS_ASSERTIONS = NO;
				ENABLE_STRICT_OBJC_MSGSEND = YES;
				GCC_C_LANGUAGE_STANDARD = gnu11;
				GCC_NO_COMMON_BLOCKS = YES;
				GCC_WARN_64_TO_32_BIT_CONVERSION = YES;
				GCC_WARN_ABOUT_RETURN_TYPE = YES_ERROR;
				GCC_WARN_UNDECLARED_SELECTOR = YES;
				GCC_WARN_UNINITIALIZED_AUTOS = YES_AGGRESSIVE;
				GCC_WARN_UNUSED_FUNCTION = YES;
				GCC_WARN_UNUSED_VARIABLE = YES;
				IPHONEOS_DEPLOYMENT_TARGET = 16.1;
				MTL_ENABLE_DEBUG_INFO = NO;
				MTL_FAST_MATH = YES;
				SDKROOT = iphoneos;
				SWIFT_COMPILATION_MODE = wholemodule;
				SWIFT_OPTIMIZATION_LEVEL = "-O";
				VALIDATE_PRODUCT = YES;
			};
			name = Release;
		};
		D5EF9432295CD1040080CB24 /* Debug */ = {
			isa = XCBuildConfiguration;
			buildSettings = {
				ASSETCATALOG_COMPILER_APPICON_NAME = AppIcon;
				ASSETCATALOG_COMPILER_GLOBAL_ACCENT_COLOR_NAME = AccentColor;
				CODE_SIGN_STYLE = Automatic;
				CURRENT_PROJECT_VERSION = 1;
				DEVELOPMENT_ASSET_PATHS = "\"CurrencyConverter/Preview Content\"";
				ENABLE_PREVIEWS = YES;
				GENERATE_INFOPLIST_FILE = YES;
				INFOPLIST_KEY_UIApplicationSceneManifest_Generation = YES;
				INFOPLIST_KEY_UIApplicationSupportsIndirectInputEvents = YES;
				INFOPLIST_KEY_UILaunchScreen_Generation = YES;
				INFOPLIST_KEY_UISupportedInterfaceOrientations_iPad = "UIInterfaceOrientationPortrait UIInterfaceOrientationPortraitUpsideDown UIInterfaceOrientationLandscapeLeft UIInterfaceOrientationLandscapeRight";
				INFOPLIST_KEY_UISupportedInterfaceOrientations_iPhone = "UIInterfaceOrientationPortrait UIInterfaceOrientationLandscapeLeft UIInterfaceOrientationLandscapeRight";
				LD_RUNPATH_SEARCH_PATHS = (
					"$(inherited)",
					"@executable_path/Frameworks",
				);
				MARKETING_VERSION = 1.0;
				PRODUCT_BUNDLE_IDENTIFIER = com.raywenderlich.CurrencyConverter;
				PRODUCT_NAME = "$(TARGET_NAME)";
				SWIFT_EMIT_LOC_STRINGS = YES;
				SWIFT_VERSION = 5.0;
				TARGETED_DEVICE_FAMILY = "1,2";
			};
			name = Debug;
		};
		D5EF9433295CD1040080CB24 /* Release */ = {
			isa = XCBuildConfiguration;
			buildSettings = {
				ASSETCATALOG_COMPILER_APPICON_NAME = AppIcon;
				ASSETCATALOG_COMPILER_GLOBAL_ACCENT_COLOR_NAME = AccentColor;
				CODE_SIGN_STYLE = Automatic;
				CURRENT_PROJECT_VERSION = 1;
				DEVELOPMENT_ASSET_PATHS = "\"CurrencyConverter/Preview Content\"";
				ENABLE_PREVIEWS = YES;
				GENERATE_INFOPLIST_FILE = YES;
				INFOPLIST_KEY_UIApplicationSceneManifest_Generation = YES;
				INFOPLIST_KEY_UIApplicationSupportsIndirectInputEvents = YES;
				INFOPLIST_KEY_UILaunchScreen_Generation = YES;
				INFOPLIST_KEY_UISupportedInterfaceOrientations_iPad = "UIInterfaceOrientationPortrait UIInterfaceOrientationPortraitUpsideDown UIInterfaceOrientationLandscapeLeft UIInterfaceOrientationLandscapeRight";
				INFOPLIST_KEY_UISupportedInterfaceOrientations_iPhone = "UIInterfaceOrientationPortrait UIInterfaceOrientationLandscapeLeft UIInterfaceOrientationLandscapeRight";
				LD_RUNPATH_SEARCH_PATHS = (
					"$(inherited)",
					"@executable_path/Frameworks",
				);
				MARKETING_VERSION = 1.0;
				PRODUCT_BUNDLE_IDENTIFIER = com.raywenderlich.CurrencyConverter;
				PRODUCT_NAME = "$(TARGET_NAME)";
				SWIFT_EMIT_LOC_STRINGS = YES;
				SWIFT_VERSION = 5.0;
				TARGETED_DEVICE_FAMILY = "1,2";
			};
			name = Release;
		};
/* End XCBuildConfiguration section */

/* Begin XCConfigurationList section */
		D5BE12C0296476B800F56AA1 /* Build configuration list for PBXNativeTarget "CurrencyConverterTests" */ = {
			isa = XCConfigurationList;
			buildConfigurations = (
				D5BE12BE296476B800F56AA1 /* Debug */,
				D5BE12BF296476B800F56AA1 /* Release */,
			);
			defaultConfigurationIsVisible = 0;
			defaultConfigurationName = Release;
		};
		D5EF941E295CD1020080CB24 /* Build configuration list for PBXProject "CurrencyConverter" */ = {
			isa = XCConfigurationList;
			buildConfigurations = (
				D5EF942F295CD1040080CB24 /* Debug */,
				D5EF9430295CD1040080CB24 /* Release */,
			);
			defaultConfigurationIsVisible = 0;
			defaultConfigurationName = Release;
		};
		D5EF9431295CD1040080CB24 /* Build configuration list for PBXNativeTarget "CurrencyConverter" */ = {
			isa = XCConfigurationList;
			buildConfigurations = (
				D5EF9432295CD1040080CB24 /* Debug */,
				D5EF9433295CD1040080CB24 /* Release */,
			);
			defaultConfigurationIsVisible = 0;
			defaultConfigurationName = Release;
		};
/* End XCConfigurationList section */

/* Begin XCVersionGroup section */
		D5C81337295CF0D600B62351 /* DataModel.xcdatamodeld */ = {
			isa = XCVersionGroup;
			children = (
				D5C81338295CF0D600B62351 /* DataModel.xcdatamodel */,
			);
			currentVersion = D5C81338295CF0D600B62351 /* DataModel.xcdatamodel */;
			path = DataModel.xcdatamodeld;
			sourceTree = "<group>";
			versionGroupType = wrapper.xcdatamodel;
		};
/* End XCVersionGroup section */
	};
	rootObject = D5EF941B295CD1020080CB24 /* Project object */;
}
